
Microsoft Visual Studio Solution File, Format Version 12.00
# Visual Studio 15
Project("{FAE04EC0-301F-11D3-BF4B-00C04F79EFBC}") = "VRC.ClientSim", "VRC.ClientSim.csproj", "{F6873726-6D82-CBF7-9CC5-1146DAD0E3B5}"
EndProject
Project("{FAE04EC0-301F-11D3-BF4B-00C04F79EFBC}") = "VRC.Udon.Serialization.OdinSerializer", "VRC.Udon.Serialization.OdinSerializer.csproj", "{4E4B8E6D-3002-A837-5832-F531639D0E7C}"
EndProject
Project("{FAE04EC0-301F-11D3-BF4B-00C04F79EFBC}") = "MerryYellow.CodeAssist.Editor", "MerryYellow.CodeAssist.Editor.csproj", "{7FF3640B-9B17-7923-B1F8-CC4A5BD4FDD9}"
EndProject
Project("{FAE04EC0-301F-11D3-BF4B-00C04F79EFBC}") = "UdonSharp.Editor", "UdonSharp.Editor.csproj", "{C5A92DA7-AF8F-8848-9517-89AA0FA01545}"
EndProject
Project("{FAE04EC0-301F-11D3-BF4B-00C04F79EFBC}") = "VRC.Udon.Editor", "VRC.Udon.Editor.csproj", "{24DF9A03-A89C-B79A-B14A-BDB5024EF789}"
EndProject
Project("{FAE04EC0-301F-11D3-BF4B-00C04F79EFBC}") = "VRC.SDKBase.Editor", "VRC.SDKBase.Editor.csproj", "{D10A883C-2516-FAE4-5480-42C7545EBA55}"
EndProject
Project("{FAE04EC0-301F-11D3-BF4B-00C04F79EFBC}") = "VRC.Udon", "VRC.Udon.csproj", "{E83FA0F4-7F2C-175A-FB10-B03D42C351D7}"
EndProject
Project("{FAE04EC0-301F-11D3-BF4B-00C04F79EFBC}") = "UniTask", "UniTask.csproj", "{BAAE5AFE-5A78-40A0-6661-68E39E3D48B1}"
EndProject
Project("{FAE04EC0-301F-11D3-BF4B-00C04F79EFBC}") = "UniTask.Linq", "UniTask.Linq.csproj", "{C40A80B7-5404-E86A-3195-7E236D8ADCD5}"
EndProject
Project("{FAE04EC0-301F-11D3-BF4B-00C04F79EFBC}") = "VRC.SDKBase", "VRC.SDKBase.csproj", "{F4133EF2-1C56-067A-ADB4-FADC2959F998}"
EndProject
Project("{FAE04EC0-301F-11D3-BF4B-00C04F79EFBC}") = "VRC.ClientSim.Editor", "VRC.ClientSim.Editor.csproj", "{5FE826E8-A7E0-FB07-6A49-1A34DD5AD052}"
EndProject
Project("{FAE04EC0-301F-11D3-BF4B-00C04F79EFBC}") = "VRC.SDK3", "VRC.SDK3.csproj", "{1F02F98F-3200-AB0C-37BB-DCB40E35E5FC}"
EndProject
Project("{FAE04EC0-301F-11D3-BF4B-00C04F79EFBC}") = "VRC.SDK3.Editor", "VRC.SDK3.Editor.csproj", "{3CC65529-86FD-77EC-7883-9D0FB60FA606}"
EndProject
Project("{FAE04EC0-301F-11D3-BF4B-00C04F79EFBC}") = "UniTask.DOTween", "UniTask.DOTween.csproj", "{A6C06DFA-C709-BB14-4A47-2D77B5B06348}"
EndProject
Project("{FAE04EC0-301F-11D3-BF4B-00C04F79EFBC}") = "UnityEditorTests", "UnityEditorTests.csproj", "{83C77043-8ED4-703B-EDEE-66F93FB71C40}"
EndProject
Project("{FAE04EC0-301F-11D3-BF4B-00C04F79EFBC}") = "Assembly-CSharp-Editor", "Assembly-CSharp-Editor.csproj", "{7A981011-7009-8DA2-4C18-F936F08E1DD9}"
EndProject
Project("{FAE04EC0-301F-11D3-BF4B-00C04F79EFBC}") = "VRC.ExampleCentral.Editor", "VRC.ExampleCentral.Editor.csproj", "{5AC36FFD-A42A-6F90-15B4-9D993C415866}"
EndProject
Project("{FAE04EC0-301F-11D3-BF4B-00C04F79EFBC}") = "Assembly-CSharp", "Assembly-CSharp.csproj", "{CAE185D0-4746-2E21-7655-C16DC7256AFB}"
EndProject
Project("{FAE04EC0-301F-11D3-BF4B-00C04F79EFBC}") = "VRC.SDKBase.Editor.ShaderStripping", "VRC.SDKBase.Editor.ShaderStripping.csproj", "{94A8DE23-B8AA-9F34-B1FD-11CC873E196D}"
EndProject
Project("{FAE04EC0-301F-11D3-BF4B-00C04F79EFBC}") = "UdonSharp.Runtime", "UdonSharp.Runtime.csproj", "{8927B4B7-04DF-368F-CBB5-2DAB3D3ED76B}"
EndProject
Project("{FAE04EC0-301F-11D3-BF4B-00C04F79EFBC}") = "UniTask.Editor", "UniTask.Editor.csproj", "{6DEC3DA3-CF87-C90E-7586-62F2147ABA58}"
EndProject
Project("{FAE04EC0-301F-11D3-BF4B-00C04F79EFBC}") = "UdonSharp.Lib", "UdonSharp.Lib.csproj", "{BADAEC66-44E3-6554-EDA4-79CC63FDC2A5}"
EndProject
Project("{FAE04EC0-301F-11D3-BF4B-00C04F79EFBC}") = "VRC.SDKBase.Editor.BuildPipeline", "VRC.SDKBase.Editor.BuildPipeline.csproj", "{65CF41CB-87DC-3828-9472-1F7BF9DCBAB8}"
EndProject
Project("{FAE04EC0-301F-11D3-BF4B-00C04F79EFBC}") = "com.vrchat.core.vpm-resolver.Editor", "com.vrchat.core.vpm-resolver.Editor.csproj", "{E98788D4-411E-C069-B5DD-461D5C668739}"
EndProject
Project("{FAE04EC0-301F-11D3-BF4B-00C04F79EFBC}") = "UniTask.Addressables", "UniTask.Addressables.csproj", "{3F57CDA8-A6DF-276B-FB2E-9084FF05528F}"
EndProject
Project("{FAE04EC0-301F-11D3-BF4B-00C04F79EFBC}") = "UniTask.TextMeshPro", "UniTask.TextMeshPro.csproj", "{243022A9-E200-67E7-6A1A-D2CCFE7451DA}"
EndProject
Global
	GlobalSection(SolutionConfigurationPlatforms) = preSolution
		Debug|Any CPU = Debug|Any CPU
		Release|Any CPU = Release|Any CPU
	EndGlobalSection
	GlobalSection(ProjectConfigurationPlatforms) = postSolution
		{F6873726-6D82-CBF7-9CC5-1146DAD0E3B5}.Debug|Any CPU.ActiveCfg = Debug|Any CPU
		{F6873726-6D82-CBF7-9CC5-1146DAD0E3B5}.Debug|Any CPU.Build.0 = Debug|Any CPU
		{F6873726-6D82-CBF7-9CC5-1146DAD0E3B5}.Release|Any CPU.ActiveCfg = Release|Any CPU
		{F6873726-6D82-CBF7-9CC5-1146DAD0E3B5}.Release|Any CPU.Build.0 = Release|Any CPU
		{4E4B8E6D-3002-A837-5832-F531639D0E7C}.Debug|Any CPU.ActiveCfg = Debug|Any CPU
		{4E4B8E6D-3002-A837-5832-F531639D0E7C}.Debug|Any CPU.Build.0 = Debug|Any CPU
		{4E4B8E6D-3002-A837-5832-F531639D0E7C}.Release|Any CPU.ActiveCfg = Release|Any CPU
		{4E4B8E6D-3002-A837-5832-F531639D0E7C}.Release|Any CPU.Build.0 = Release|Any CPU
		{7FF3640B-9B17-7923-B1F8-CC4A5BD4FDD9}.Debug|Any CPU.ActiveCfg = Debug|Any CPU
		{7FF3640B-9B17-7923-B1F8-CC4A5BD4FDD9}.Debug|Any CPU.Build.0 = Debug|Any CPU
		{7FF3640B-9B17-7923-B1F8-CC4A5BD4FDD9}.Release|Any CPU.ActiveCfg = Release|Any CPU
		{7FF3640B-9B17-7923-B1F8-CC4A5BD4FDD9}.Release|Any CPU.Build.0 = Release|Any CPU
		{C5A92DA7-AF8F-8848-9517-89AA0FA01545}.Debug|Any CPU.ActiveCfg = Debug|Any CPU
		{C5A92DA7-AF8F-8848-9517-89AA0FA01545}.Debug|Any CPU.Build.0 = Debug|Any CPU
		{C5A92DA7-AF8F-8848-9517-89AA0FA01545}.Release|Any CPU.ActiveCfg = Release|Any CPU
		{C5A92DA7-AF8F-8848-9517-89AA0FA01545}.Release|Any CPU.Build.0 = Release|Any CPU
		{24DF9A03-A89C-B79A-B14A-BDB5024EF789}.Debug|Any CPU.ActiveCfg = Debug|Any CPU
		{24DF9A03-A89C-B79A-B14A-BDB5024EF789}.Debug|Any CPU.Build.0 = Debug|Any CPU
		{24DF9A03-A89C-B79A-B14A-BDB5024EF789}.Release|Any CPU.ActiveCfg = Release|Any CPU
		{24DF9A03-A89C-B79A-B14A-BDB5024EF789}.Release|Any CPU.Build.0 = Release|Any CPU
		{D10A883C-2516-FAE4-5480-42C7545EBA55}.Debug|Any CPU.ActiveCfg = Debug|Any CPU
		{D10A883C-2516-FAE4-5480-42C7545EBA55}.Debug|Any CPU.Build.0 = Debug|Any CPU
		{D10A883C-2516-FAE4-5480-42C7545EBA55}.Release|Any CPU.ActiveCfg = Release|Any CPU
		{D10A883C-2516-FAE4-5480-42C7545EBA55}.Release|Any CPU.Build.0 = Release|Any CPU
		{E83FA0F4-7F2C-175A-FB10-B03D42C351D7}.Debug|Any CPU.ActiveCfg = Debug|Any CPU
		{E83FA0F4-7F2C-175A-FB10-B03D42C351D7}.Debug|Any CPU.Build.0 = Debug|Any CPU
		{E83FA0F4-7F2C-175A-FB10-B03D42C351D7}.Release|Any CPU.ActiveCfg = Release|Any CPU
		{E83FA0F4-7F2C-175A-FB10-B03D42C351D7}.Release|Any CPU.Build.0 = Release|Any CPU
		{BAAE5AFE-5A78-40A0-6661-68E39E3D48B1}.Debug|Any CPU.ActiveCfg = Debug|Any CPU
		{BAAE5AFE-5A78-40A0-6661-68E39E3D48B1}.Debug|Any CPU.Build.0 = Debug|Any CPU
		{BAAE5AFE-5A78-40A0-6661-68E39E3D48B1}.Release|Any CPU.ActiveCfg = Release|Any CPU
		{BAAE5AFE-5A78-40A0-6661-68E39E3D48B1}.Release|Any CPU.Build.0 = Release|Any CPU
		{C40A80B7-5404-E86A-3195-7E236D8ADCD5}.Debug|Any CPU.ActiveCfg = Debug|Any CPU
		{C40A80B7-5404-E86A-3195-7E236D8ADCD5}.Debug|Any CPU.Build.0 = Debug|Any CPU
		{C40A80B7-5404-E86A-3195-7E236D8ADCD5}.Release|Any CPU.ActiveCfg = Release|Any CPU
		{C40A80B7-5404-E86A-3195-7E236D8ADCD5}.Release|Any CPU.Build.0 = Release|Any CPU
		{F4133EF2-1C56-067A-ADB4-FADC2959F998}.Debug|Any CPU.ActiveCfg = Debug|Any CPU
		{F4133EF2-1C56-067A-ADB4-FADC2959F998}.Debug|Any CPU.Build.0 = Debug|Any CPU
		{F4133EF2-1C56-067A-ADB4-FADC2959F998}.Release|Any CPU.ActiveCfg = Release|Any CPU
		{F4133EF2-1C56-067A-ADB4-FADC2959F998}.Release|Any CPU.Build.0 = Release|Any CPU
		{5FE826E8-A7E0-FB07-6A49-1A34DD5AD052}.Debug|Any CPU.ActiveCfg = Debug|Any CPU
		{5FE826E8-A7E0-FB07-6A49-1A34DD5AD052}.Debug|Any CPU.Build.0 = Debug|Any CPU
		{5FE826E8-A7E0-FB07-6A49-1A34DD5AD052}.Release|Any CPU.ActiveCfg = Release|Any CPU
		{5FE826E8-A7E0-FB07-6A49-1A34DD5AD052}.Release|Any CPU.Build.0 = Release|Any CPU
		{1F02F98F-3200-AB0C-37BB-DCB40E35E5FC}.Debug|Any CPU.ActiveCfg = Debug|Any CPU
		{1F02F98F-3200-AB0C-37BB-DCB40E35E5FC}.Debug|Any CPU.Build.0 = Debug|Any CPU
		{1F02F98F-3200-AB0C-37BB-DCB40E35E5FC}.Release|Any CPU.ActiveCfg = Release|Any CPU
		{1F02F98F-3200-AB0C-37BB-DCB40E35E5FC}.Release|Any CPU.Build.0 = Release|Any CPU
		{3CC65529-86FD-77EC-7883-9D0FB60FA606}.Debug|Any CPU.ActiveCfg = Debug|Any CPU
		{3CC65529-86FD-77EC-7883-9D0FB60FA606}.Debug|Any CPU.Build.0 = Debug|Any CPU
		{3CC65529-86FD-77EC-7883-9D0FB60FA606}.Release|Any CPU.ActiveCfg = Release|Any CPU
		{3CC65529-86FD-77EC-7883-9D0FB60FA606}.Release|Any CPU.Build.0 = Release|Any CPU
		{A6C06DFA-C709-BB14-4A47-2D77B5B06348}.Debug|Any CPU.ActiveCfg = Debug|Any CPU
		{A6C06DFA-C709-BB14-4A47-2D77B5B06348}.Debug|Any CPU.Build.0 = Debug|Any CPU
		{A6C06DFA-C709-BB14-4A47-2D77B5B06348}.Release|Any CPU.ActiveCfg = Release|Any CPU
		{A6C06DFA-C709-BB14-4A47-2D77B5B06348}.Release|Any CPU.Build.0 = Release|Any CPU
		{83C77043-8ED4-703B-EDEE-66F93FB71C40}.Debug|Any CPU.ActiveCfg = Debug|Any CPU
		{83C77043-8ED4-703B-EDEE-66F93FB71C40}.Debug|Any CPU.Build.0 = Debug|Any CPU
		{83C77043-8ED4-703B-EDEE-66F93FB71C40}.Release|Any CPU.ActiveCfg = Release|Any CPU
		{83C77043-8ED4-703B-EDEE-66F93FB71C40}.Release|Any CPU.Build.0 = Release|Any CPU
		{7A981011-7009-8DA2-4C18-F936F08E1DD9}.Debug|Any CPU.ActiveCfg = Debug|Any CPU
		{7A981011-7009-8DA2-4C18-F936F08E1DD9}.Debug|Any CPU.Build.0 = Debug|Any CPU
		{7A981011-7009-8DA2-4C18-F936F08E1DD9}.Release|Any CPU.ActiveCfg = Release|Any CPU
		{7A981011-7009-8DA2-4C18-F936F08E1DD9}.Release|Any CPU.Build.0 = Release|Any CPU
		{5AC36FFD-A42A-6F90-15B4-9D993C415866}.Debug|Any CPU.ActiveCfg = Debug|Any CPU
		{5AC36FFD-A42A-6F90-15B4-9D993C415866}.Debug|Any CPU.Build.0 = Debug|Any CPU
		{5AC36FFD-A42A-6F90-15B4-9D993C415866}.Release|Any CPU.ActiveCfg = Release|Any CPU
		{5AC36FFD-A42A-6F90-15B4-9D993C415866}.Release|Any CPU.Build.0 = Release|Any CPU
		{CAE185D0-4746-2E21-7655-C16DC7256AFB}.Debug|Any CPU.ActiveCfg = Debug|Any CPU
		{CAE185D0-4746-2E21-7655-C16DC7256AFB}.Debug|Any CPU.Build.0 = Debug|Any CPU
		{CAE185D0-4746-2E21-7655-C16DC7256AFB}.Release|Any CPU.ActiveCfg = Release|Any CPU
		{CAE185D0-4746-2E21-7655-C16DC7256AFB}.Release|Any CPU.Build.0 = Release|Any CPU
		{94A8DE23-B8AA-9F34-B1FD-11CC873E196D}.Debug|Any CPU.ActiveCfg = Debug|Any CPU
		{94A8DE23-B8AA-9F34-B1FD-11CC873E196D}.Debug|Any CPU.Build.0 = Debug|Any CPU
		{94A8DE23-B8AA-9F34-B1FD-11CC873E196D}.Release|Any CPU.ActiveCfg = Release|Any CPU
		{94A8DE23-B8AA-9F34-B1FD-11CC873E196D}.Release|Any CPU.Build.0 = Release|Any CPU
		{8927B4B7-04DF-368F-CBB5-2DAB3D3ED76B}.Debug|Any CPU.ActiveCfg = Debug|Any CPU
		{8927B4B7-04DF-368F-CBB5-2DAB3D3ED76B}.Debug|Any CPU.Build.0 = Debug|Any CPU
		{8927B4B7-04DF-368F-CBB5-2DAB3D3ED76B}.Release|Any CPU.ActiveCfg = Release|Any CPU
		{8927B4B7-04DF-368F-CBB5-2DAB3D3ED76B}.Release|Any CPU.Build.0 = Release|Any CPU
		{6DEC3DA3-CF87-C90E-7586-62F2147ABA58}.Debug|Any CPU.ActiveCfg = Debug|Any CPU
		{6DEC3DA3-CF87-C90E-7586-62F2147ABA58}.Debug|Any CPU.Build.0 = Debug|Any CPU
		{6DEC3DA3-CF87-C90E-7586-62F2147ABA58}.Release|Any CPU.ActiveCfg = Release|Any CPU
		{6DEC3DA3-CF87-C90E-7586-62F2147ABA58}.Release|Any CPU.Build.0 = Release|Any CPU
		{BADAEC66-44E3-6554-EDA4-79CC63FDC2A5}.Debug|Any CPU.ActiveCfg = Debug|Any CPU
		{BADAEC66-44E3-6554-EDA4-79CC63FDC2A5}.Debug|Any CPU.Build.0 = Debug|Any CPU
		{BADAEC66-44E3-6554-EDA4-79CC63FDC2A5}.Release|Any CPU.ActiveCfg = Release|Any CPU
		{BADAEC66-44E3-6554-EDA4-79CC63FDC2A5}.Release|Any CPU.Build.0 = Release|Any CPU
		{65CF41CB-87DC-3828-9472-1F7BF9DCBAB8}.Debug|Any CPU.ActiveCfg = Debug|Any CPU
		{65CF41CB-87DC-3828-9472-1F7BF9DCBAB8}.Debug|Any CPU.Build.0 = Debug|Any CPU
		{65CF41CB-87DC-3828-9472-1F7BF9DCBAB8}.Release|Any CPU.ActiveCfg = Release|Any CPU
		{65CF41CB-87DC-3828-9472-1F7BF9DCBAB8}.Release|Any CPU.Build.0 = Release|Any CPU
		{E98788D4-411E-C069-B5DD-461D5C668739}.Debug|Any CPU.ActiveCfg = Debug|Any CPU
		{E98788D4-411E-C069-B5DD-461D5C668739}.Debug|Any CPU.Build.0 = Debug|Any CPU
		{E98788D4-411E-C069-B5DD-461D5C668739}.Release|Any CPU.ActiveCfg = Release|Any CPU
		{E98788D4-411E-C069-B5DD-461D5C668739}.Release|Any CPU.Build.0 = Release|Any CPU
		{3F57CDA8-A6DF-276B-FB2E-9084FF05528F}.Debug|Any CPU.ActiveCfg = Debug|Any CPU
		{3F57CDA8-A6DF-276B-FB2E-9084FF05528F}.Debug|Any CPU.Build.0 = Debug|Any CPU
		{3F57CDA8-A6DF-276B-FB2E-9084FF05528F}.Release|Any CPU.ActiveCfg = Release|Any CPU
		{3F57CDA8-A6DF-276B-FB2E-9084FF05528F}.Release|Any CPU.Build.0 = Release|Any CPU
		{243022A9-E200-67E7-6A1A-D2CCFE7451DA}.Debug|Any CPU.ActiveCfg = Debug|Any CPU
		{243022A9-E200-67E7-6A1A-D2CCFE7451DA}.Debug|Any CPU.Build.0 = Debug|Any CPU
		{243022A9-E200-67E7-6A1A-D2CCFE7451DA}.Release|Any CPU.ActiveCfg = Release|Any CPU
		{243022A9-E200-67E7-6A1A-D2CCFE7451DA}.Release|Any CPU.Build.0 = Release|Any CPU
	EndGlobalSection
	GlobalSection(SolutionProperties) = preSolution
		HideSolutionNode = FALSE
	EndGlobalSection
EndGlobal
